
Microsoft Visual Studio Solution File, Format Version 12.00
# Visual Studio Version 16
VisualStudioVersion = 16.0.30717.126
MinimumVisualStudioVersion = 10.0.40219.1
Project("{FAE04EC0-301F-11D3-BF4B-00C04F79EFBC}") = "Paint", "Paint\Paint.csproj", "{2E6E825D-7C1A-4D34-A18C-98303AF0AB4A}"
EndProject
Global
	GlobalSection(SolutionConfigurationPlatforms) = preSolution
		Debug|Any CPU = Debug|Any CPU
		Release|Any CPU = Release|Any CPU
	EndGlobalSection
	GlobalSection(ProjectConfigurationPlatforms) = postSolution
		{2E6E825D-7C1A-4D34-A18C-98303AF0AB4A}.Debug|Any CPU.ActiveCfg = Debug|Any CPU
		{2E6E825D-7C1A-4D34-A18C-98303AF0AB4A}.Debug|Any CPU.Build.0 = Debug|Any CPU
		{2E6E825D-7C1A-4D34-A18C-98303AF0AB4A}.Release|Any CPU.ActiveCfg = Release|Any CPU
		{2E6E825D-7C1A-4D34-A18C-98303AF0AB4A}.Release|Any CPU.Build.0 = Release|Any CPU
	EndGlobalSection
	GlobalSection(SolutionProperties) = preSolution
		HideSolutionNode = FALSE
	EndGlobalSection
	GlobalSection(ExtensibilityGlobals) = postSolution
		SolutionGuid = {4BC30F18-0AEC-4A39-A8A0-77B7A882E59A}
	EndGlobalSection
EndGlobal
